
Microsoft Visual Studio Solution File, Format Version 12.00
# Visual Studio Version 17
VisualStudioVersion = 17.7.34202.233
MinimumVisualStudioVersion = 10.0.40219.1
Project("{9A19103F-16F7-4668-BE54-9A1E7A4F7556}") = "Blog.Web", "Blog.Web\Blog.Web.csproj", "{DAF5CBAD-9283-455F-AF51-27EDC56786A3}"
EndProject
Project("{9A19103F-16F7-4668-BE54-9A1E7A4F7556}") = "Blog.Data", "Blog.Data\Blog.Data.csproj", "{2B2919F8-FD2A-4E1C-A004-EB9354EB0BEE}"
EndProject
Project("{9A19103F-16F7-4668-BE54-9A1E7A4F7556}") = "Blog.Data.Models", "Blog.Data.Models\Blog.Data.Models.csproj", "{84A2188E-AFE7-4CA1-AD9E-D1FA48AB2A8D}"
EndProject
Project("{9A19103F-16F7-4668-BE54-9A1E7A4F7556}") = "Blog.Services", "Blog.Services\Blog.Services.csproj", "{89067295-E454-4AC8-A435-8EB61622F800}"
EndProject
Global
	GlobalSection(SolutionConfigurationPlatforms) = preSolution
		Debug|Any CPU = Debug|Any CPU
		Release|Any CPU = Release|Any CPU
	EndGlobalSection
	GlobalSection(ProjectConfigurationPlatforms) = postSolution
		{DAF5CBAD-9283-455F-AF51-27EDC56786A3}.Debug|Any CPU.ActiveCfg = Debug|Any CPU
		{DAF5CBAD-9283-455F-AF51-27EDC56786A3}.Debug|Any CPU.Build.0 = Debug|Any CPU
		{DAF5CBAD-9283-455F-AF51-27EDC56786A3}.Release|Any CPU.ActiveCfg = Release|Any CPU
		{DAF5CBAD-9283-455F-AF51-27EDC56786A3}.Release|Any CPU.Build.0 = Release|Any CPU
		{2B2919F8-FD2A-4E1C-A004-EB9354EB0BEE}.Debug|Any CPU.ActiveCfg = Debug|Any CPU
		{2B2919F8-FD2A-4E1C-A004-EB9354EB0BEE}.Debug|Any CPU.Build.0 = Debug|Any CPU
		{2B2919F8-FD2A-4E1C-A004-EB9354EB0BEE}.Release|Any CPU.ActiveCfg = Release|Any CPU
		{2B2919F8-FD2A-4E1C-A004-EB9354EB0BEE}.Release|Any CPU.Build.0 = Release|Any CPU
		{84A2188E-AFE7-4CA1-AD9E-D1FA48AB2A8D}.Debug|Any CPU.ActiveCfg = Debug|Any CPU
		{84A2188E-AFE7-4CA1-AD9E-D1FA48AB2A8D}.Debug|Any CPU.Build.0 = Debug|Any CPU
		{84A2188E-AFE7-4CA1-AD9E-D1FA48AB2A8D}.Release|Any CPU.ActiveCfg = Release|Any CPU
		{84A2188E-AFE7-4CA1-AD9E-D1FA48AB2A8D}.Release|Any CPU.Build.0 = Release|Any CPU
		{89067295-E454-4AC8-A435-8EB61622F800}.Debug|Any CPU.ActiveCfg = Debug|Any CPU
		{89067295-E454-4AC8-A435-8EB61622F800}.Debug|Any CPU.Build.0 = Debug|Any CPU
		{89067295-E454-4AC8-A435-8EB61622F800}.Release|Any CPU.ActiveCfg = Release|Any CPU
		{89067295-E454-4AC8-A435-8EB61622F800}.Release|Any CPU.Build.0 = Release|Any CPU
	EndGlobalSection
	GlobalSection(SolutionProperties) = preSolution
		HideSolutionNode = FALSE
	EndGlobalSection
	GlobalSection(ExtensibilityGlobals) = postSolution
		SolutionGuid = {FADA40CA-9F9D-40DB-9988-0C65C47DB173}
	EndGlobalSection
EndGlobal
